
Microsoft Visual Studio Solution File, Format Version 12.00
# Visual Studio 2013
VisualStudioVersion = 12.0.40629.0
MinimumVisualStudioVersion = 10.0.40219.1
Project("{FAE04EC0-301F-11D3-BF4B-00C04F79EFBC}") = "CalculatorVersion5", "CalculatorVersion5\CalculatorVersion5.csproj", "{AE3B4C2F-A4CC-46A9-A84D-D858CA14792E}"
EndProject
Global
	GlobalSection(SolutionConfigurationPlatforms) = preSolution
		Debug|Any CPU = Debug|Any CPU
		Release|Any CPU = Release|Any CPU
	EndGlobalSection
	GlobalSection(ProjectConfigurationPlatforms) = postSolution
		{AE3B4C2F-A4CC-46A9-A84D-D858CA14792E}.Debug|Any CPU.ActiveCfg = Debug|Any CPU
		{AE3B4C2F-A4CC-46A9-A84D-D858CA14792E}.Debug|Any CPU.Build.0 = Debug|Any CPU
		{AE3B4C2F-A4CC-46A9-A84D-D858CA14792E}.Release|Any CPU.ActiveCfg = Release|Any CPU
		{AE3B4C2F-A4CC-46A9-A84D-D858CA14792E}.Release|Any CPU.Build.0 = Release|Any CPU
	EndGlobalSection
	GlobalSection(SolutionProperties) = preSolution
		HideSolutionNode = FALSE
	EndGlobalSection
EndGlobal
